
Microsoft Visual Studio Solution File, Format Version 12.00
# Visual Studio 14
VisualStudioVersion = 14.0.25420.1
MinimumVisualStudioVersion = 10.0.40219.1
Project("{FAE04EC0-301F-11D3-BF4B-00C04F79EFBC}") = "Practica 2b", "Practica 2b\Practica 2b.csproj", "{73D4F5D1-8C73-4DBF-A5ED-F81DC2EE73C8}"
EndProject
Global
	GlobalSection(SolutionConfigurationPlatforms) = preSolution
		Debug|Any CPU = Debug|Any CPU
		Release|Any CPU = Release|Any CPU
	EndGlobalSection
	GlobalSection(ProjectConfigurationPlatforms) = postSolution
		{73D4F5D1-8C73-4DBF-A5ED-F81DC2EE73C8}.Debug|Any CPU.ActiveCfg = Debug|Any CPU
		{73D4F5D1-8C73-4DBF-A5ED-F81DC2EE73C8}.Debug|Any CPU.Build.0 = Debug|Any CPU
		{73D4F5D1-8C73-4DBF-A5ED-F81DC2EE73C8}.Release|Any CPU.ActiveCfg = Release|Any CPU
		{73D4F5D1-8C73-4DBF-A5ED-F81DC2EE73C8}.Release|Any CPU.Build.0 = Release|Any CPU
	EndGlobalSection
	GlobalSection(SolutionProperties) = preSolution
		HideSolutionNode = FALSE
	EndGlobalSection
EndGlobal
